
Microsoft Visual Studio Solution File, Format Version 10.00
# Visual Studio 2008
Project("{FAE04EC0-301F-11D3-BF4B-00C04F79EFBC}") = "AspComet", "AspComet\AspComet.csproj", "{112FCB54-F7B7-43D3-BA33-5BE8D62195BF}"
EndProject
Project("{FAE04EC0-301F-11D3-BF4B-00C04F79EFBC}") = "AspComet.WebHost", "AspComet.WebHost\AspComet.WebHost.csproj", "{936A6B5E-E690-48E5-AB65-516A97FA87BB}"
EndProject
Global
	GlobalSection(SolutionConfigurationPlatforms) = preSolution
		Debug|Any CPU = Debug|Any CPU
		Release|Any CPU = Release|Any CPU
	EndGlobalSection
	GlobalSection(ProjectConfigurationPlatforms) = postSolution
		{112FCB54-F7B7-43D3-BA33-5BE8D62195BF}.Debug|Any CPU.ActiveCfg = Debug|Any CPU
		{112FCB54-F7B7-43D3-BA33-5BE8D62195BF}.Debug|Any CPU.Build.0 = Debug|Any CPU
		{112FCB54-F7B7-43D3-BA33-5BE8D62195BF}.Release|Any CPU.ActiveCfg = Release|Any CPU
		{112FCB54-F7B7-43D3-BA33-5BE8D62195BF}.Release|Any CPU.Build.0 = Release|Any CPU
		{936A6B5E-E690-48E5-AB65-516A97FA87BB}.Debug|Any CPU.ActiveCfg = Debug|Any CPU
		{936A6B5E-E690-48E5-AB65-516A97FA87BB}.Debug|Any CPU.Build.0 = Debug|Any CPU
		{936A6B5E-E690-48E5-AB65-516A97FA87BB}.Release|Any CPU.ActiveCfg = Release|Any CPU
		{936A6B5E-E690-48E5-AB65-516A97FA87BB}.Release|Any CPU.Build.0 = Release|Any CPU
	EndGlobalSection
	GlobalSection(SolutionProperties) = preSolution
		HideSolutionNode = FALSE
	EndGlobalSection
EndGlobal
